{
  "lockfile_version": "1",
  "packages": {
    "github:NixOS/nixpkgs/nixpkgs-unstable": {
      "last_modified": "2025-12-19T06:18:24Z",
      "resolved": "github:NixOS/nixpkgs/7d853e518814cca2a657b72eeba67ae20ebf7059?lastModified=1766125104&narHash=sha256-l%2FYGrEpLromL4viUo5GmFH3K5M1j0Mb9O%2BLiaeCPWEM%3D"
    },
    "go@1.25.7": {
      "last_modified": "2026-02-23T15:40:43Z",
      "resolved": "github:NixOS/nixpkgs/80d901ec0377e19ac3f7bb8c035201e2e098cc97#go",
      "source": "devbox-search",
      "version": "1.25.7",
      "systems": {
        "aarch64-darwin": {
          "outputs": [
            {
              "name": "out",
              "path": "/nix/store/hj3rkkp4azj65qvalnbl6ax0sgrfgmgh-go-1.25.7",
              "default": true
            }
          ],
          "store_path": "/nix/store/hj3rkkp4azj65qvalnbl6ax0sgrfgmgh-go-1.25.7"
        },
        "aarch64-linux": {
          "outputs": [
            {
              "name": "out",
              "path": "/nix/store/2i6kcj0f0xirrblpl43k2yr673bhf2c5-go-1.25.7",
              "default": true
            }
          ],
          "store_path": "/nix/store/2i6kcj0f0xirrblpl43k2yr673bhf2c5-go-1.25.7"
        },
        "x86_64-darwin": {
          "outputs": [
            {
              "name": "out",
              "path": "/nix/store/8yk4r9kmb00ra1r22cxvdwghr8v987nf-go-1.25.7",
              "default": true
            }
          ],
          "store_path": "/nix/store/8yk4r9kmb00ra1r22cxvdwghr8v987nf-go-1.25.7"
        },
        "x86_64-linux": {
          "outputs": [
            {
              "name": "out",
              "path": "/nix/store/pz4pxhmlqd3q72crp2sx90k85gf2rqyp-go-1.25.7",
              "default": true
            }
          ],
          "store_path": "/nix/store/pz4pxhmlqd3q72crp2sx90k85gf2rqyp-go-1.25.7"
        }
      }
    },
    "golangci-lint@2.10.1": {
      "last_modified": "2026-02-23T15:40:43Z",
      "resolved": "github:NixOS/nixpkgs/80d901ec0377e19ac3f7bb8c035201e2e098cc97#golangci-lint",
      "source": "devbox-search",
      "version": "2.10.1",
      "systems": {
        "aarch64-darwin": {
          "outputs": [
            {
              "name": "out",
              "path": "/nix/store/1rrjjclzxlr6f1ivb6l74vq1n1g1lki8-golangci-lint-2.10.1",
              "default": true
            }
          ],
          "store_path": "/nix/store/1rrjjclzxlr6f1ivb6l74vq1n1g1lki8-golangci-lint-2.10.1"
        },
        "aarch64-linux": {
          "outputs": [
            {
              "name": "out",
              "path": "/nix/store/ri4b9yqars42sc3hwwa5w81w91h13lm8-golangci-lint-2.10.1",
              "default": true
            }
          ],
          "store_path": "/nix/store/ri4b9yqars42sc3hwwa5w81w91h13lm8-golangci-lint-2.10.1"
        },
        "x86_64-darwin": {
          "outputs": [
            {
              "name": "out",
              "path": "/nix/store/qvvg1rv8b4m4qyvqh40zc4nfa72vyzlw-golangci-lint-2.10.1",
              "default": true
            }
          ],
          "store_path": "/nix/store/qvvg1rv8b4m4qyvqh40zc4nfa72vyzlw-golangci-lint-2.10.1"
        },
        "x86_64-linux": {
          "outputs": [
            {
              "name": "out",
              "path": "/nix/store/ziv6x93wkd587qji6z0648050g0r9qjn-golangci-lint-2.10.1",
              "default": true
            }
          ],
          "store_path": "/nix/store/ziv6x93wkd587qji6z0648050g0r9qjn-golangci-lint-2.10.1"
        }
      }
    }
  }
}
